
Microsoft Visual Studio Solution File, Format Version 12.00
# Visual Studio 2013
VisualStudioVersion = 12.0.31101.0
MinimumVisualStudioVersion = 10.0.40219.1
Project("{FAE04EC0-301F-11D3-BF4B-00C04F79EFBC}") = "MyCalculator", "MyCalculator\MyCalculator.csproj", "{536D26B9-93A0-4DCF-B553-5FE9697B4A41}"
EndProject
Project("{FAE04EC0-301F-11D3-BF4B-00C04F79EFBC}") = "Calculator.Test", "Calculator.Test\Calculator.Test.csproj", "{5EA4F692-BB9A-4BDE-BD7A-988218E1A9F4}"
EndProject
Global
	GlobalSection(SolutionConfigurationPlatforms) = preSolution
		Debug|Any CPU = Debug|Any CPU
		Release|Any CPU = Release|Any CPU
	EndGlobalSection
	GlobalSection(ProjectConfigurationPlatforms) = postSolution
		{536D26B9-93A0-4DCF-B553-5FE9697B4A41}.Debug|Any CPU.ActiveCfg = Debug|Any CPU
		{536D26B9-93A0-4DCF-B553-5FE9697B4A41}.Debug|Any CPU.Build.0 = Debug|Any CPU
		{536D26B9-93A0-4DCF-B553-5FE9697B4A41}.Release|Any CPU.ActiveCfg = Release|Any CPU
		{536D26B9-93A0-4DCF-B553-5FE9697B4A41}.Release|Any CPU.Build.0 = Release|Any CPU
		{5EA4F692-BB9A-4BDE-BD7A-988218E1A9F4}.Debug|Any CPU.ActiveCfg = Debug|Any CPU
		{5EA4F692-BB9A-4BDE-BD7A-988218E1A9F4}.Debug|Any CPU.Build.0 = Debug|Any CPU
		{5EA4F692-BB9A-4BDE-BD7A-988218E1A9F4}.Release|Any CPU.ActiveCfg = Release|Any CPU
		{5EA4F692-BB9A-4BDE-BD7A-988218E1A9F4}.Release|Any CPU.Build.0 = Release|Any CPU
	EndGlobalSection
	GlobalSection(SolutionProperties) = preSolution
		HideSolutionNode = FALSE
	EndGlobalSection
EndGlobal
